
Microsoft Visual Studio Solution File, Format Version 11.00
# Visual Studio 2010
Project("{FAE04EC0-301F-11D3-BF4B-00C04F79EFBC}") = "CMSLITE", "CMSLITE\CMSLITE.csproj", "{D81EDB12-DBE1-44B9-BD75-BBD9EAD2846B}"
EndProject
Global
	GlobalSection(SolutionConfigurationPlatforms) = preSolution
		Debug|Any CPU = Debug|Any CPU
		Release|Any CPU = Release|Any CPU
	EndGlobalSection
	GlobalSection(ProjectConfigurationPlatforms) = postSolution
		{D81EDB12-DBE1-44B9-BD75-BBD9EAD2846B}.Debug|Any CPU.ActiveCfg = Debug|Any CPU
		{D81EDB12-DBE1-44B9-BD75-BBD9EAD2846B}.Debug|Any CPU.Build.0 = Debug|Any CPU
		{D81EDB12-DBE1-44B9-BD75-BBD9EAD2846B}.Release|Any CPU.ActiveCfg = Release|Any CPU
		{D81EDB12-DBE1-44B9-BD75-BBD9EAD2846B}.Release|Any CPU.Build.0 = Release|Any CPU
	EndGlobalSection
	GlobalSection(SolutionProperties) = preSolution
		HideSolutionNode = FALSE
	EndGlobalSection
EndGlobal
